// !$*UTF8*$!
{
	archiveVersion = 1;
	classes = {
	};
	objectVersion = 55;
	objects = {

/* Begin PBXBuildFile section */
		30AF6DE7292F6BD000D68FB4 /* TabBarViewController.swift in Sources */ = {isa = PBXBuildFile; fileRef = 30AF6DE6292F6BD000D68FB4 /* TabBarViewController.swift */; };
		30AF6DEA292F715F00D68FB4 /* MapViewController.swift in Sources */ = {isa = PBXBuildFile; fileRef = 30AF6DE9292F715F00D68FB4 /* MapViewController.swift */; };
		30AF6DED292F72D300D68FB4 /* MapView.swift in Sources */ = {isa = PBXBuildFile; fileRef = 30AF6DEC292F72D300D68FB4 /* MapView.swift */; };
		30AF6DEF292F745900D68FB4 /* PhotoView.swift in Sources */ = {isa = PBXBuildFile; fileRef = 30AF6DEE292F745900D68FB4 /* PhotoView.swift */; };
		30AF6DF2292F749D00D68FB4 /* Photo.swift in Sources */ = {isa = PBXBuildFile; fileRef = 30AF6DF1292F749D00D68FB4 /* Photo.swift */; };
		30AF6DF6292FAF8600D68FB4 /* Shadow.swift in Sources */ = {isa = PBXBuildFile; fileRef = 30AF6DF5292FAF8600D68FB4 /* Shadow.swift */; };
		30E50638292F2DA900A01CA8 /* AppDelegate.swift in Sources */ = {isa = PBXBuildFile; fileRef = 30E50637292F2DA900A01CA8 /* AppDelegate.swift */; };
		30E5063A292F2DA900A01CA8 /* SceneDelegate.swift in Sources */ = {isa = PBXBuildFile; fileRef = 30E50639292F2DA900A01CA8 /* SceneDelegate.swift */; };
		30E5063C292F2DA900A01CA8 /* ViewController.swift in Sources */ = {isa = PBXBuildFile; fileRef = 30E5063B292F2DA900A01CA8 /* ViewController.swift */; };
		30E50641292F2DAA00A01CA8 /* Assets.xcassets in Resources */ = {isa = PBXBuildFile; fileRef = 30E50640292F2DAA00A01CA8 /* Assets.xcassets */; };
		30E50644292F2DAA00A01CA8 /* LaunchScreen.storyboard in Resources */ = {isa = PBXBuildFile; fileRef = 30E50642292F2DAA00A01CA8 /* LaunchScreen.storyboard */; };
		4F33C80557057F9BB639790A /* Pods_PhotoMap.framework in Frameworks */ = {isa = PBXBuildFile; fileRef = 512C8C550DCF1265375328FB /* Pods_PhotoMap.framework */; };
/* End PBXBuildFile section */

/* Begin PBXFileReference section */
		1365BEBF0AE7CF63C36FF04F /* Pods-PhotoMap.release.xcconfig */ = {isa = PBXFileReference; includeInIndex = 1; lastKnownFileType = text.xcconfig; name = "Pods-PhotoMap.release.xcconfig"; path = "Target Support Files/Pods-PhotoMap/Pods-PhotoMap.release.xcconfig"; sourceTree = "<group>"; };
		30AF6DE6292F6BD000D68FB4 /* TabBarViewController.swift */ = {isa = PBXFileReference; lastKnownFileType = sourcecode.swift; path = TabBarViewController.swift; sourceTree = "<group>"; };
		30AF6DE9292F715F00D68FB4 /* MapViewController.swift */ = {isa = PBXFileReference; lastKnownFileType = sourcecode.swift; path = MapViewController.swift; sourceTree = "<group>"; };
		30AF6DEC292F72D300D68FB4 /* MapView.swift */ = {isa = PBXFileReference; lastKnownFileType = sourcecode.swift; path = MapView.swift; sourceTree = "<group>"; };
		30AF6DEE292F745900D68FB4 /* PhotoView.swift */ = {isa = PBXFileReference; lastKnownFileType = sourcecode.swift; path = PhotoView.swift; sourceTree = "<group>"; };
		30AF6DF1292F749D00D68FB4 /* Photo.swift */ = {isa = PBXFileReference; lastKnownFileType = sourcecode.swift; path = Photo.swift; sourceTree = "<group>"; };
		30AF6DF5292FAF8600D68FB4 /* Shadow.swift */ = {isa = PBXFileReference; lastKnownFileType = sourcecode.swift; path = Shadow.swift; sourceTree = "<group>"; };
		30E50634292F2DA800A01CA8 /* PhotoMap.app */ = {isa = PBXFileReference; explicitFileType = wrapper.application; includeInIndex = 0; path = PhotoMap.app; sourceTree = BUILT_PRODUCTS_DIR; };
		30E50637292F2DA900A01CA8 /* AppDelegate.swift */ = {isa = PBXFileReference; lastKnownFileType = sourcecode.swift; path = AppDelegate.swift; sourceTree = "<group>"; };
		30E50639292F2DA900A01CA8 /* SceneDelegate.swift */ = {isa = PBXFileReference; lastKnownFileType = sourcecode.swift; path = SceneDelegate.swift; sourceTree = "<group>"; };
		30E5063B292F2DA900A01CA8 /* ViewController.swift */ = {isa = PBXFileReference; lastKnownFileType = sourcecode.swift; path = ViewController.swift; sourceTree = "<group>"; };
		30E50640292F2DAA00A01CA8 /* Assets.xcassets */ = {isa = PBXFileReference; lastKnownFileType = folder.assetcatalog; path = Assets.xcassets; sourceTree = "<group>"; };
		30E50643292F2DAA00A01CA8 /* Base */ = {isa = PBXFileReference; lastKnownFileType = file.storyboard; name = Base; path = Base.lproj/LaunchScreen.storyboard; sourceTree = "<group>"; };
		30E50645292F2DAA00A01CA8 /* Info.plist */ = {isa = PBXFileReference; lastKnownFileType = text.plist.xml; path = Info.plist; sourceTree = "<group>"; };
		512C8C550DCF1265375328FB /* Pods_PhotoMap.framework */ = {isa = PBXFileReference; explicitFileType = wrapper.framework; includeInIndex = 0; path = Pods_PhotoMap.framework; sourceTree = BUILT_PRODUCTS_DIR; };
		8365D841B048DA82262BE5AF /* Pods-PhotoMap.debug.xcconfig */ = {isa = PBXFileReference; includeInIndex = 1; lastKnownFileType = text.xcconfig; name = "Pods-PhotoMap.debug.xcconfig"; path = "Target Support Files/Pods-PhotoMap/Pods-PhotoMap.debug.xcconfig"; sourceTree = "<group>"; };
/* End PBXFileReference section */

/* Begin PBXFrameworksBuildPhase section */
		30E50631292F2DA800A01CA8 /* Frameworks */ = {
			isa = PBXFrameworksBuildPhase;
			buildActionMask = 2147483647;
			files = (
				4F33C80557057F9BB639790A /* Pods_PhotoMap.framework in Frameworks */,
			);
			runOnlyForDeploymentPostprocessing = 0;
		};
/* End PBXFrameworksBuildPhase section */

/* Begin PBXGroup section */
		30AF6DE8292F6ED800D68FB4 /* ViewController */ = {
			isa = PBXGroup;
			children = (
				30E5063B292F2DA900A01CA8 /* ViewController.swift */,
				30AF6DE9292F715F00D68FB4 /* MapViewController.swift */,
				30AF6DE6292F6BD000D68FB4 /* TabBarViewController.swift */,
				30AF6DEB292F72C700D68FB4 /* View */,
			);
			path = ViewController;
			sourceTree = "<group>";
		};
		30AF6DEB292F72C700D68FB4 /* View */ = {
			isa = PBXGroup;
			children = (
				30AF6DEC292F72D300D68FB4 /* MapView.swift */,
				30AF6DEE292F745900D68FB4 /* PhotoView.swift */,
				30AF6DF5292FAF8600D68FB4 /* Shadow.swift */,
			);
			path = View;
			sourceTree = "<group>";
		};
		30AF6DF0292F746800D68FB4 /* Model */ = {
			isa = PBXGroup;
			children = (
				30AF6DF1292F749D00D68FB4 /* Photo.swift */,
			);
			path = Model;
			sourceTree = "<group>";
		};
		30E5062B292F2DA800A01CA8 = {
			isa = PBXGroup;
			children = (
				30E50636292F2DA800A01CA8 /* PhotoMap */,
				30E50635292F2DA800A01CA8 /* Products */,
				910091C16402099A7F4E0342 /* Pods */,
				B180D3FBE429595953BFF80B /* Frameworks */,
			);
			sourceTree = "<group>";
		};
		30E50635292F2DA800A01CA8 /* Products */ = {
			isa = PBXGroup;
			children = (
				30E50634292F2DA800A01CA8 /* PhotoMap.app */,
			);
			name = Products;
			sourceTree = "<group>";
		};
		30E50636292F2DA800A01CA8 /* PhotoMap */ = {
			isa = PBXGroup;
			children = (
				30AF6DE8292F6ED800D68FB4 /* ViewController */,
				30AF6DF0292F746800D68FB4 /* Model */,
				30E50637292F2DA900A01CA8 /* AppDelegate.swift */,
				30E50639292F2DA900A01CA8 /* SceneDelegate.swift */,
				30E50640292F2DAA00A01CA8 /* Assets.xcassets */,
				30E50642292F2DAA00A01CA8 /* LaunchScreen.storyboard */,
				30E50645292F2DAA00A01CA8 /* Info.plist */,
			);
			path = PhotoMap;
			sourceTree = "<group>";
		};
		910091C16402099A7F4E0342 /* Pods */ = {
			isa = PBXGroup;
			children = (
				8365D841B048DA82262BE5AF /* Pods-PhotoMap.debug.xcconfig */,
				1365BEBF0AE7CF63C36FF04F /* Pods-PhotoMap.release.xcconfig */,
			);
			path = Pods;
			sourceTree = "<group>";
		};
		B180D3FBE429595953BFF80B /* Frameworks */ = {
			isa = PBXGroup;
			children = (
				512C8C550DCF1265375328FB /* Pods_PhotoMap.framework */,
			);
			name = Frameworks;
			sourceTree = "<group>";
		};
/* End PBXGroup section */

/* Begin PBXNativeTarget section */
		30E50633292F2DA800A01CA8 /* PhotoMap */ = {
			isa = PBXNativeTarget;
			buildConfigurationList = 30E50648292F2DAA00A01CA8 /* Build configuration list for PBXNativeTarget "PhotoMap" */;
			buildPhases = (
				0255C3129E6235CB88041005 /* [CP] Check Pods Manifest.lock */,
				30E50630292F2DA800A01CA8 /* Sources */,
				30E50631292F2DA800A01CA8 /* Frameworks */,
				30E50632292F2DA800A01CA8 /* Resources */,
				94C1F1AF21B5CB57D4FBC3DC /* [CP] Embed Pods Frameworks */,
			);
			buildRules = (
			);
			dependencies = (
			);
			name = PhotoMap;
			productName = PhotoMap;
			productReference = 30E50634292F2DA800A01CA8 /* PhotoMap.app */;
			productType = "com.apple.product-type.application";
		};
/* End PBXNativeTarget section */

/* Begin PBXProject section */
		30E5062C292F2DA800A01CA8 /* Project object */ = {
			isa = PBXProject;
			attributes = {
				BuildIndependentTargetsInParallel = 1;
				LastSwiftUpdateCheck = 1410;
				LastUpgradeCheck = 1410;
				TargetAttributes = {
					30E50633292F2DA800A01CA8 = {
						CreatedOnToolsVersion = 14.1;
					};
				};
			};
			buildConfigurationList = 30E5062F292F2DA800A01CA8 /* Build configuration list for PBXProject "PhotoMap" */;
			compatibilityVersion = "Xcode 13.0";
			developmentRegion = en;
			hasScannedForEncodings = 0;
			knownRegions = (
				en,
				Base,
			);
			mainGroup = 30E5062B292F2DA800A01CA8;
			productRefGroup = 30E50635292F2DA800A01CA8 /* Products */;
			projectDirPath = "";
			projectRoot = "";
			targets = (
				30E50633292F2DA800A01CA8 /* PhotoMap */,
			);
		};
/* End PBXProject section */

/* Begin PBXResourcesBuildPhase section */
		30E50632292F2DA800A01CA8 /* Resources */ = {
			isa = PBXResourcesBuildPhase;
			buildActionMask = 2147483647;
			files = (
				30E50644292F2DAA00A01CA8 /* LaunchScreen.storyboard in Resources */,
				30E50641292F2DAA00A01CA8 /* Assets.xcassets in Resources */,
			);
			runOnlyForDeploymentPostprocessing = 0;
		};
/* End PBXResourcesBuildPhase section */

/* Begin PBXShellScriptBuildPhase section */
		0255C3129E6235CB88041005 /* [CP] Check Pods Manifest.lock */ = {
			isa = PBXShellScriptBuildPhase;
			buildActionMask = 2147483647;
			files = (
			);
			inputFileListPaths = (
			);
			inputPaths = (
				"${PODS_PODFILE_DIR_PATH}/Podfile.lock",
				"${PODS_ROOT}/Manifest.lock",
			);
			name = "[CP] Check Pods Manifest.lock";
			outputFileListPaths = (
			);
			outputPaths = (
				"$(DERIVED_FILE_DIR)/Pods-PhotoMap-checkManifestLockResult.txt",
			);
			runOnlyForDeploymentPostprocessing = 0;
			shellPath = /bin/sh;
			shellScript = "diff \"${PODS_PODFILE_DIR_PATH}/Podfile.lock\" \"${PODS_ROOT}/Manifest.lock\" > /dev/null\nif [ $? != 0 ] ; then\n    # print error to STDERR\n    echo \"error: The sandbox is not in sync with the Podfile.lock. Run 'pod install' or update your CocoaPods installation.\" >&2\n    exit 1\nfi\n# This output is used by Xcode 'outputs' to avoid re-running this script phase.\necho \"SUCCESS\" > \"${SCRIPT_OUTPUT_FILE_0}\"\n";
			showEnvVarsInLog = 0;
		};
		94C1F1AF21B5CB57D4FBC3DC /* [CP] Embed Pods Frameworks */ = {
			isa = PBXShellScriptBuildPhase;
			buildActionMask = 2147483647;
			files = (
			);
			inputFileListPaths = (
				"${PODS_ROOT}/Target Support Files/Pods-PhotoMap/Pods-PhotoMap-frameworks-${CONFIGURATION}-input-files.xcfilelist",
			);
			name = "[CP] Embed Pods Frameworks";
			outputFileListPaths = (
				"${PODS_ROOT}/Target Support Files/Pods-PhotoMap/Pods-PhotoMap-frameworks-${CONFIGURATION}-output-files.xcfilelist",
			);
			runOnlyForDeploymentPostprocessing = 0;
			shellPath = /bin/sh;
			shellScript = "\"${PODS_ROOT}/Target Support Files/Pods-PhotoMap/Pods-PhotoMap-frameworks.sh\"\n";
			showEnvVarsInLog = 0;
		};
/* End PBXShellScriptBuildPhase section */

/* Begin PBXSourcesBuildPhase section */
		30E50630292F2DA800A01CA8 /* Sources */ = {
			isa = PBXSourcesBuildPhase;
			buildActionMask = 2147483647;
			files = (
				30AF6DF6292FAF8600D68FB4 /* Shadow.swift in Sources */,
				30AF6DF2292F749D00D68FB4 /* Photo.swift in Sources */,
				30AF6DE7292F6BD000D68FB4 /* TabBarViewController.swift in Sources */,
				30AF6DEF292F745900D68FB4 /* PhotoView.swift in Sources */,
				30AF6DED292F72D300D68FB4 /* MapView.swift in Sources */,
				30E5063C292F2DA900A01CA8 /* ViewController.swift in Sources */,
				30E50638292F2DA900A01CA8 /* AppDelegate.swift in Sources */,
				30AF6DEA292F715F00D68FB4 /* MapViewController.swift in Sources */,
				30E5063A292F2DA900A01CA8 /* SceneDelegate.swift in Sources */,
			);
			runOnlyForDeploymentPostprocessing = 0;
		};
/* End PBXSourcesBuildPhase section */

/* Begin PBXVariantGroup section */
		30E50642292F2DAA00A01CA8 /* LaunchScreen.storyboard */ = {
			isa = PBXVariantGroup;
			children = (
				30E50643292F2DAA00A01CA8 /* Base */,
			);
			name = LaunchScreen.storyboard;
			sourceTree = "<group>";
		};
/* End PBXVariantGroup section */

/* Begin XCBuildConfiguration section */
		30E50646292F2DAA00A01CA8 /* Debug */ = {
			isa = XCBuildConfiguration;
			buildSettings = {
				ALWAYS_SEARCH_USER_PATHS = NO;
				CLANG_ANALYZER_NONNULL = YES;
				CLANG_ANALYZER_NUMBER_OBJECT_CONVERSION = YES_AGGRESSIVE;
				CLANG_CXX_LANGUAGE_STANDARD = "gnu++20";
				CLANG_ENABLE_MODULES = YES;
				CLANG_ENABLE_OBJC_ARC = YES;
				CLANG_ENABLE_OBJC_WEAK = YES;
				CLANG_WARN_BLOCK_CAPTURE_AUTORELEASING = YES;
				CLANG_WARN_BOOL_CONVERSION = YES;
				CLANG_WARN_COMMA = YES;
				CLANG_WARN_CONSTANT_CONVERSION = YES;
				CLANG_WARN_DEPRECATED_OBJC_IMPLEMENTATIONS = YES;
				CLANG_WARN_DIRECT_OBJC_ISA_USAGE = YES_ERROR;
				CLANG_WARN_DOCUMENTATION_COMMENTS = YES;
				CLANG_WARN_EMPTY_BODY = YES;
				CLANG_WARN_ENUM_CONVERSION = YES;
				CLANG_WARN_INFINITE_RECURSION = YES;
				CLANG_WARN_INT_CONVERSION = YES;
				CLANG_WARN_NON_LITERAL_NULL_CONVERSION = YES;
				CLANG_WARN_OBJC_IMPLICIT_RETAIN_SELF = YES;
				CLANG_WARN_OBJC_LITERAL_CONVERSION = YES;
				CLANG_WARN_OBJC_ROOT_CLASS = YES_ERROR;
				CLANG_WARN_QUOTED_INCLUDE_IN_FRAMEWORK_HEADER = YES;
				CLANG_WARN_RANGE_LOOP_ANALYSIS = YES;
				CLANG_WARN_STRICT_PROTOTYPES = YES;
				CLANG_WARN_SUSPICIOUS_MOVE = YES;
				CLANG_WARN_UNGUARDED_AVAILABILITY = YES_AGGRESSIVE;
				CLANG_WARN_UNREACHABLE_CODE = YES;
				CLANG_WARN__DUPLICATE_METHOD_MATCH = YES;
				COPY_PHASE_STRIP = NO;
				DEBUG_INFORMATION_FORMAT = dwarf;
				ENABLE_STRICT_OBJC_MSGSEND = YES;
				ENABLE_TESTABILITY = YES;
				GCC_C_LANGUAGE_STANDARD = gnu11;
				GCC_DYNAMIC_NO_PIC = NO;
				GCC_NO_COMMON_BLOCKS = YES;
				GCC_OPTIMIZATION_LEVEL = 0;
				GCC_PREPROCESSOR_DEFINITIONS = (
					"DEBUG=1",
					"$(inherited)",
				);
				GCC_WARN_64_TO_32_BIT_CONVERSION = YES;
				GCC_WARN_ABOUT_RETURN_TYPE = YES_ERROR;
				GCC_WARN_UNDECLARED_SELECTOR = YES;
				GCC_WARN_UNINITIALIZED_AUTOS = YES_AGGRESSIVE;
				GCC_WARN_UNUSED_FUNCTION = YES;
				GCC_WARN_UNUSED_VARIABLE = YES;
				IPHONEOS_DEPLOYMENT_TARGET = 16.1;
				MTL_ENABLE_DEBUG_INFO = INCLUDE_SOURCE;
				MTL_FAST_MATH = YES;
				ONLY_ACTIVE_ARCH = YES;
				SDKROOT = iphoneos;
				SWIFT_ACTIVE_COMPILATION_CONDITIONS = DEBUG;
				SWIFT_OPTIMIZATION_LEVEL = "-Onone";
			};
			name = Debug;
		};
		30E50647292F2DAA00A01CA8 /* Release */ = {
			isa = XCBuildConfiguration;
			buildSettings = {
				ALWAYS_SEARCH_USER_PATHS = NO;
				CLANG_ANALYZER_NONNULL = YES;
				CLANG_ANALYZER_NUMBER_OBJECT_CONVERSION = YES_AGGRESSIVE;
				CLANG_CXX_LANGUAGE_STANDARD = "gnu++20";
				CLANG_ENABLE_MODULES = YES;
				CLANG_ENABLE_OBJC_ARC = YES;
				CLANG_ENABLE_OBJC_WEAK = YES;
				CLANG_WARN_BLOCK_CAPTURE_AUTORELEASING = YES;
				CLANG_WARN_BOOL_CONVERSION = YES;
				CLANG_WARN_COMMA = YES;
				CLANG_WARN_CONSTANT_CONVERSION = YES;
				CLANG_WARN_DEPRECATED_OBJC_IMPLEMENTATIONS = YES;
				CLANG_WARN_DIRECT_OBJC_ISA_USAGE = YES_ERROR;
				CLANG_WARN_DOCUMENTATION_COMMENTS = YES;
				CLANG_WARN_EMPTY_BODY = YES;
				CLANG_WARN_ENUM_CONVERSION = YES;
				CLANG_WARN_INFINITE_RECURSION = YES;
				CLANG_WARN_INT_CONVERSION = YES;
				CLANG_WARN_NON_LITERAL_NULL_CONVERSION = YES;
				CLANG_WARN_OBJC_IMPLICIT_RETAIN_SELF = YES;
				CLANG_WARN_OBJC_LITERAL_CONVERSION = YES;
				CLANG_WARN_OBJC_ROOT_CLASS = YES_ERROR;
				CLANG_WARN_QUOTED_INCLUDE_IN_FRAMEWORK_HEADER = YES;
				CLANG_WARN_RANGE_LOOP_ANALYSIS = YES;
				CLANG_WARN_STRICT_PROTOTYPES = YES;
				CLANG_WARN_SUSPICIOUS_MOVE = YES;
				CLANG_WARN_UNGUARDED_AVAILABILITY = YES_AGGRESSIVE;
				CLANG_WARN_UNREACHABLE_CODE = YES;
				CLANG_WARN__DUPLICATE_METHOD_MATCH = YES;
				COPY_PHASE_STRIP = NO;
				DEBUG_INFORMATION_FORMAT = "dwarf-with-dsym";
				ENABLE_NS_ASSERTIONS = NO;
				ENABLE_STRICT_OBJC_MSGSEND = YES;
				GCC_C_LANGUAGE_STANDARD = gnu11;
				GCC_NO_COMMON_BLOCKS = YES;
				GCC_WARN_64_TO_32_BIT_CONVERSION = YES;
				GCC_WARN_ABOUT_RETURN_TYPE = YES_ERROR;
				GCC_WARN_UNDECLARED_SELECTOR = YES;
				GCC_WARN_UNINITIALIZED_AUTOS = YES_AGGRESSIVE;
				GCC_WARN_UNUSED_FUNCTION = YES;
				GCC_WARN_UNUSED_VARIABLE = YES;
				IPHONEOS_DEPLOYMENT_TARGET = 16.1;
				MTL_ENABLE_DEBUG_INFO = NO;
				MTL_FAST_MATH = YES;
				SDKROOT = iphoneos;
				SWIFT_COMPILATION_MODE = wholemodule;
				SWIFT_OPTIMIZATION_LEVEL = "-O";
				VALIDATE_PRODUCT = YES;
			};
			name = Release;
		};
		30E50649292F2DAA00A01CA8 /* Debug */ = {
			isa = XCBuildConfiguration;
			baseConfigurationReference = 8365D841B048DA82262BE5AF /* Pods-PhotoMap.debug.xcconfig */;
			buildSettings = {
				ASSETCATALOG_COMPILER_APPICON_NAME = AppIcon;
				ASSETCATALOG_COMPILER_GLOBAL_ACCENT_COLOR_NAME = AccentColor;
				CODE_SIGN_STYLE = Automatic;
				CURRENT_PROJECT_VERSION = 1;
				DEVELOPMENT_TEAM = 9Y3C29YBST;
				GENERATE_INFOPLIST_FILE = YES;
				INFOPLIST_FILE = PhotoMap/Info.plist;
				INFOPLIST_KEY_NSLocationAlwaysAndWhenInUseUsageDescription = "유저의 위치 정보를 사용하려 합니다.";
				INFOPLIST_KEY_NSLocationAlwaysUsageDescription = "유저의 위치 정보를 사용하려 합니다.";
				INFOPLIST_KEY_UIApplicationSupportsIndirectInputEvents = YES;
				INFOPLIST_KEY_UILaunchStoryboardName = LaunchScreen;
				INFOPLIST_KEY_UISupportedInterfaceOrientations_iPad = "UIInterfaceOrientationPortrait UIInterfaceOrientationPortraitUpsideDown UIInterfaceOrientationLandscapeLeft UIInterfaceOrientationLandscapeRight";
				INFOPLIST_KEY_UISupportedInterfaceOrientations_iPhone = "UIInterfaceOrientationPortrait UIInterfaceOrientationLandscapeLeft UIInterfaceOrientationLandscapeRight";
				LD_RUNPATH_SEARCH_PATHS = (
					"$(inherited)",
					"@executable_path/Frameworks",
				);
				MARKETING_VERSION = 1.0;
				PRODUCT_BUNDLE_IDENTIFIER = "-23.PhotoMap";
				PRODUCT_NAME = "$(TARGET_NAME)";
				SWIFT_EMIT_LOC_STRINGS = YES;
				SWIFT_VERSION = 5.0;
				TARGETED_DEVICE_FAMILY = "1,2";
			};
			name = Debug;
		};
		30E5064A292F2DAA00A01CA8 /* Release */ = {
			isa = XCBuildConfiguration;
			baseConfigurationReference = 1365BEBF0AE7CF63C36FF04F /* Pods-PhotoMap.release.xcconfig */;
			buildSettings = {
				ASSETCATALOG_COMPILER_APPICON_NAME = AppIcon;
				ASSETCATALOG_COMPILER_GLOBAL_ACCENT_COLOR_NAME = AccentColor;
				CODE_SIGN_STYLE = Automatic;
				CURRENT_PROJECT_VERSION = 1;
				DEVELOPMENT_TEAM = 9Y3C29YBST;
				GENERATE_INFOPLIST_FILE = YES;
				INFOPLIST_FILE = PhotoMap/Info.plist;
				INFOPLIST_KEY_NSLocationAlwaysAndWhenInUseUsageDescription = "유저의 위치 정보를 사용하려 합니다.";
				INFOPLIST_KEY_NSLocationAlwaysUsageDescription = "유저의 위치 정보를 사용하려 합니다.";
				INFOPLIST_KEY_UIApplicationSupportsIndirectInputEvents = YES;
				INFOPLIST_KEY_UILaunchStoryboardName = LaunchScreen;
				INFOPLIST_KEY_UISupportedInterfaceOrientations_iPad = "UIInterfaceOrientationPortrait UIInterfaceOrientationPortraitUpsideDown UIInterfaceOrientationLandscapeLeft UIInterfaceOrientationLandscapeRight";
				INFOPLIST_KEY_UISupportedInterfaceOrientations_iPhone = "UIInterfaceOrientationPortrait UIInterfaceOrientationLandscapeLeft UIInterfaceOrientationLandscapeRight";
				LD_RUNPATH_SEARCH_PATHS = (
					"$(inherited)",
					"@executable_path/Frameworks",
				);
				MARKETING_VERSION = 1.0;
				PRODUCT_BUNDLE_IDENTIFIER = "-23.PhotoMap";
				PRODUCT_NAME = "$(TARGET_NAME)";
				SWIFT_EMIT_LOC_STRINGS = YES;
				SWIFT_VERSION = 5.0;
				TARGETED_DEVICE_FAMILY = "1,2";
			};
			name = Release;
		};
/* End XCBuildConfiguration section */

/* Begin XCConfigurationList section */
		30E5062F292F2DA800A01CA8 /* Build configuration list for PBXProject "PhotoMap" */ = {
			isa = XCConfigurationList;
			buildConfigurations = (
				30E50646292F2DAA00A01CA8 /* Debug */,
				30E50647292F2DAA00A01CA8 /* Release */,
			);
			defaultConfigurationIsVisible = 0;
			defaultConfigurationName = Release;
		};
		30E50648292F2DAA00A01CA8 /* Build configuration list for PBXNativeTarget "PhotoMap" */ = {
			isa = XCConfigurationList;
			buildConfigurations = (
				30E50649292F2DAA00A01CA8 /* Debug */,
				30E5064A292F2DAA00A01CA8 /* Release */,
			);
			defaultConfigurationIsVisible = 0;
			defaultConfigurationName = Release;
		};
/* End XCConfigurationList section */
	};
	rootObject = 30E5062C292F2DA800A01CA8 /* Project object */;
}
